{
    "_meta": {
        "hash": {
            "sha256": "7dd33cb11037751051dc9276d93435ddf31d6aa19d88a24bf7f89d29abe822d9"
        },
        "requires": {},
        "sources": [
            {
                "url": "https://pypi.python.org/simple",
                "verify_ssl": true
            }
        ]
    },
    "default": {
        "certifi": {
            "version": "==2018.4.16"
        },
        "chardet": {
            "version": "==3.0.4"
        },
        "click": {
            "version": "==6.7"
        },
        "flask": {
            "version": "==0.12.2"
        },
        "idna": {
            "version": "==2.6"
        },
        "itsdangerous": {
            "version": "==0.24"
        },
        "jinja2": {
            "version": "==2.10"
        },
        "markupsafe": {
            "version": "==1.0"
        },
        "numpy": {
            "version": "==1.14.2"
        },
        "panda": {
            "version": "==0.3.1"
        },
        "pandas": {
            "version": "==0.22.0"
        },
        "patsy": {
            "version": "==0.5.0"
        },
        "python-dateutil": {
            "version": "==2.7.2"
        },
        "pytz": {
            "version": "==2018.4"
        },
        "requests": {
            "version": "==2.18.4"
        },
        "rpy2": {
            "version": "==2.9.3"
        },
        "scipy": {
            "version": "==1.0.1"
        },
        "setuptools": {
            "version": "==39.0.1"
        },
        "six": {
            "version": "==1.11.0"
        },
        "statsmodels": {
            "version": "==0.8.0"
        },
        "urllib3": {
            "version": "==1.22"
        },
        "werkzeug": {
            "version": "==0.14.1"
        }
    },
    "develop": {}
}
